
Microsoft Visual Studio Solution File, Format Version 12.00
# Visual Studio 2012
Project("{FAE04EC0-301F-11D3-BF4B-00C04F79EFBC}") = "MvvmBinary", "MvvmBinary\MvvmBinary.csproj", "{3F984918-CA9D-4731-BCBE-F6D06ACE471B}"
EndProject
Project("{FAE04EC0-301F-11D3-BF4B-00C04F79EFBC}") = "MvvmBinaryViewModel", "MvvmBinaryViewModel\MvvmBinaryViewModel.csproj", "{D2350873-67E0-4875-828F-21848F237EBD}"
EndProject
Project("{FAE04EC0-301F-11D3-BF4B-00C04F79EFBC}") = "MvvmBinaryModel", "MvvmBinaryModel\MvvmBinaryModel.csproj", "{F2334967-8A37-4BE5-A552-FBD7BAE62347}"
EndProject
Project("{FAE04EC0-301F-11D3-BF4B-00C04F79EFBC}") = "Tests", "Tests\Tests.csproj", "{E9C06216-CAEF-462D-8AB5-80858DD79DD2}"
EndProject
Global
	GlobalSection(SolutionConfigurationPlatforms) = preSolution
		Debug|Any CPU = Debug|Any CPU
		Release|Any CPU = Release|Any CPU
	EndGlobalSection
	GlobalSection(ProjectConfigurationPlatforms) = postSolution
		{3F984918-CA9D-4731-BCBE-F6D06ACE471B}.Debug|Any CPU.ActiveCfg = Debug|Any CPU
		{3F984918-CA9D-4731-BCBE-F6D06ACE471B}.Debug|Any CPU.Build.0 = Debug|Any CPU
		{3F984918-CA9D-4731-BCBE-F6D06ACE471B}.Release|Any CPU.ActiveCfg = Release|Any CPU
		{3F984918-CA9D-4731-BCBE-F6D06ACE471B}.Release|Any CPU.Build.0 = Release|Any CPU
		{D2350873-67E0-4875-828F-21848F237EBD}.Debug|Any CPU.ActiveCfg = Debug|Any CPU
		{D2350873-67E0-4875-828F-21848F237EBD}.Debug|Any CPU.Build.0 = Debug|Any CPU
		{D2350873-67E0-4875-828F-21848F237EBD}.Release|Any CPU.ActiveCfg = Release|Any CPU
		{D2350873-67E0-4875-828F-21848F237EBD}.Release|Any CPU.Build.0 = Release|Any CPU
		{E9C06216-CAEF-462D-8AB5-80858DD79DD2}.Debug|Any CPU.ActiveCfg = Debug|Any CPU
		{E9C06216-CAEF-462D-8AB5-80858DD79DD2}.Debug|Any CPU.Build.0 = Debug|Any CPU
		{E9C06216-CAEF-462D-8AB5-80858DD79DD2}.Release|Any CPU.ActiveCfg = Release|Any CPU
		{E9C06216-CAEF-462D-8AB5-80858DD79DD2}.Release|Any CPU.Build.0 = Release|Any CPU
		{F2334967-8A37-4BE5-A552-FBD7BAE62347}.Debug|Any CPU.ActiveCfg = Debug|Any CPU
		{F2334967-8A37-4BE5-A552-FBD7BAE62347}.Debug|Any CPU.Build.0 = Debug|Any CPU
		{F2334967-8A37-4BE5-A552-FBD7BAE62347}.Release|Any CPU.ActiveCfg = Release|Any CPU
		{F2334967-8A37-4BE5-A552-FBD7BAE62347}.Release|Any CPU.Build.0 = Release|Any CPU
	EndGlobalSection
	GlobalSection(SolutionProperties) = preSolution
		HideSolutionNode = FALSE
	EndGlobalSection
EndGlobal
